// !$*UTF8*$!
{
	archiveVersion = 1;
	classes = {
	};
	objectVersion = 46;
	objects = {

/* Begin PBXBuildFile section */
		720E46A61EC0C7AB000D4464 /* AppDelegate.swift in Sources */ = {isa = PBXBuildFile; fileRef = 720E46A51EC0C7AB000D4464 /* AppDelegate.swift */; };
		720E46A81EC0C7AB000D4464 /* ViewController.swift in Sources */ = {isa = PBXBuildFile; fileRef = 720E46A71EC0C7AB000D4464 /* ViewController.swift */; };
		720E46AA1EC0C7AB000D4464 /* Assets.xcassets in Resources */ = {isa = PBXBuildFile; fileRef = 720E46A91EC0C7AB000D4464 /* Assets.xcassets */; };
		720E46AD1EC0C7AB000D4464 /* Main.storyboard in Resources */ = {isa = PBXBuildFile; fileRef = 720E46AB1EC0C7AB000D4464 /* Main.storyboard */; };
		720E46B81EC36471000D4464 /* Cocoa.framework in Frameworks */ = {isa = PBXBuildFile; fileRef = 720E46B71EC36471000D4464 /* Cocoa.framework */; };
		720E46BE1EC83D6B000D4464 /* ReceiverView.swift in Sources */ = {isa = PBXBuildFile; fileRef = 720E46BD1EC83D6B000D4464 /* ReceiverView.swift */; };
		72EF1F401EC85C77002DB4F7 /* AEXML.framework in Frameworks */ = {isa = PBXBuildFile; fileRef = 72EF1F3F1EC85C77002DB4F7 /* AEXML.framework */; };
		72EF1F441EC85FFE002DB4F7 /* DragAndDropCoordinator.swift in Sources */ = {isa = PBXBuildFile; fileRef = 72EF1F431EC85FFE002DB4F7 /* DragAndDropCoordinator.swift */; };
		72EF1F451EC86357002DB4F7 /* AEXML.framework in Frameworks */ = {isa = PBXBuildFile; fileRef = 72EF1F3F1EC85C77002DB4F7 /* AEXML.framework */; };
		72EF1F461EC86357002DB4F7 /* AEXML.framework in Embed Frameworks */ = {isa = PBXBuildFile; fileRef = 72EF1F3F1EC85C77002DB4F7 /* AEXML.framework */; settings = {ATTRIBUTES = (CodeSignOnCopy, RemoveHeadersOnCopy, ); }; };
		72EF1F491EC866D0002DB4F7 /* Parser.swift in Sources */ = {isa = PBXBuildFile; fileRef = 72EF1F481EC866D0002DB4F7 /* Parser.swift */; };
/* End PBXBuildFile section */

/* Begin PBXCopyFilesBuildPhase section */
		72EF1F471EC86357002DB4F7 /* Embed Frameworks */ = {
			isa = PBXCopyFilesBuildPhase;
			buildActionMask = 2147483647;
			dstPath = "";
			dstSubfolderSpec = 10;
			files = (
				72EF1F461EC86357002DB4F7 /* AEXML.framework in Embed Frameworks */,
			);
			name = "Embed Frameworks";
			runOnlyForDeploymentPostprocessing = 0;
		};
/* End PBXCopyFilesBuildPhase section */

/* Begin PBXFileReference section */
		720E46A21EC0C7AB000D4464 /* Deamon.app */ = {isa = PBXFileReference; explicitFileType = wrapper.application; includeInIndex = 0; path = Deamon.app; sourceTree = BUILT_PRODUCTS_DIR; };
		720E46A51EC0C7AB000D4464 /* AppDelegate.swift */ = {isa = PBXFileReference; lastKnownFileType = sourcecode.swift; path = AppDelegate.swift; sourceTree = "<group>"; };
		720E46A71EC0C7AB000D4464 /* ViewController.swift */ = {isa = PBXFileReference; lastKnownFileType = sourcecode.swift; path = ViewController.swift; sourceTree = "<group>"; };
		720E46A91EC0C7AB000D4464 /* Assets.xcassets */ = {isa = PBXFileReference; lastKnownFileType = folder.assetcatalog; path = Assets.xcassets; sourceTree = "<group>"; };
		720E46AC1EC0C7AB000D4464 /* Base */ = {isa = PBXFileReference; lastKnownFileType = file.storyboard; name = Base; path = Base.lproj/Main.storyboard; sourceTree = "<group>"; };
		720E46AE1EC0C7AB000D4464 /* Info.plist */ = {isa = PBXFileReference; lastKnownFileType = text.plist.xml; path = Info.plist; sourceTree = "<group>"; };
		720E46B71EC36471000D4464 /* Cocoa.framework */ = {isa = PBXFileReference; lastKnownFileType = wrapper.framework; name = Cocoa.framework; path = System/Library/Frameworks/Cocoa.framework; sourceTree = SDKROOT; };
		720E46B91EC36478000D4464 /* Carbon.framework */ = {isa = PBXFileReference; lastKnownFileType = wrapper.framework; name = Carbon.framework; path = System/Library/Frameworks/Carbon.framework; sourceTree = SDKROOT; };
		720E46BD1EC83D6B000D4464 /* ReceiverView.swift */ = {isa = PBXFileReference; fileEncoding = 4; lastKnownFileType = sourcecode.swift; path = ReceiverView.swift; sourceTree = "<group>"; };
		72EF1F3F1EC85C77002DB4F7 /* AEXML.framework */ = {isa = PBXFileReference; lastKnownFileType = wrapper.framework; name = AEXML.framework; path = Carthage/Build/Mac/AEXML.framework; sourceTree = "<group>"; };
		72EF1F431EC85FFE002DB4F7 /* DragAndDropCoordinator.swift */ = {isa = PBXFileReference; fileEncoding = 4; lastKnownFileType = sourcecode.swift; name = DragAndDropCoordinator.swift; path = Coordinators/DragAndDropCoordinator.swift; sourceTree = "<group>"; };
		72EF1F481EC866D0002DB4F7 /* Parser.swift */ = {isa = PBXFileReference; fileEncoding = 4; lastKnownFileType = sourcecode.swift; name = Parser.swift; path = Parsers/Parser.swift; sourceTree = "<group>"; };
		72EF1F4C1EC86A33002DB4F7 /* Cell.xib */ = {isa = PBXFileReference; fileEncoding = 4; lastKnownFileType = file.xib; name = Cell.xib; path = TestFiles/Cell.xib; sourceTree = "<group>"; };
		72EF1F4E1EC86A6D002DB4F7 /* View.xib */ = {isa = PBXFileReference; fileEncoding = 4; lastKnownFileType = file.xib; name = View.xib; path = TestFiles/View.xib; sourceTree = "<group>"; };
		72EF1F501EC86A94002DB4F7 /* Segmented.xib */ = {isa = PBXFileReference; fileEncoding = 4; lastKnownFileType = file.xib; name = Segmented.xib; path = TestFiles/Segmented.xib; sourceTree = "<group>"; };
		72EF1F521EC86AC7002DB4F7 /* AllInOne.xib */ = {isa = PBXFileReference; fileEncoding = 4; lastKnownFileType = file.xib; name = AllInOne.xib; path = TestFiles/AllInOne.xib; sourceTree = "<group>"; };
/* End PBXFileReference section */

/* Begin PBXFrameworksBuildPhase section */
		720E469F1EC0C7AB000D4464 /* Frameworks */ = {
			isa = PBXFrameworksBuildPhase;
			buildActionMask = 2147483647;
			files = (
				72EF1F401EC85C77002DB4F7 /* AEXML.framework in Frameworks */,
				72EF1F451EC86357002DB4F7 /* AEXML.framework in Frameworks */,
				720E46B81EC36471000D4464 /* Cocoa.framework in Frameworks */,
			);
			runOnlyForDeploymentPostprocessing = 0;
		};
/* End PBXFrameworksBuildPhase section */

/* Begin PBXGroup section */
		720E46991EC0C7AB000D4464 = {
			isa = PBXGroup;
			children = (
				720E46A41EC0C7AB000D4464 /* Deamon */,
				720E46A31EC0C7AB000D4464 /* Products */,
				720E46B61EC36471000D4464 /* Frameworks */,
			);
			sourceTree = "<group>";
		};
		720E46A31EC0C7AB000D4464 /* Products */ = {
			isa = PBXGroup;
			children = (
				720E46A21EC0C7AB000D4464 /* Deamon.app */,
			);
			name = Products;
			sourceTree = "<group>";
		};
		720E46A41EC0C7AB000D4464 /* Deamon */ = {
			isa = PBXGroup;
			children = (
				72EF1F4B1EC86A15002DB4F7 /* TestFiles */,
				72EF1F4A1EC86809002DB4F7 /* Parsers */,
				72EF1F421EC85FEF002DB4F7 /* Coordinators */,
				72EF1F411EC85D25002DB4F7 /* Views */,
				720E46A51EC0C7AB000D4464 /* AppDelegate.swift */,
				720E46A71EC0C7AB000D4464 /* ViewController.swift */,
				720E46A91EC0C7AB000D4464 /* Assets.xcassets */,
				720E46AB1EC0C7AB000D4464 /* Main.storyboard */,
				720E46AE1EC0C7AB000D4464 /* Info.plist */,
			);
			path = Deamon;
			sourceTree = "<group>";
		};
		720E46B61EC36471000D4464 /* Frameworks */ = {
			isa = PBXGroup;
			children = (
				72EF1F3F1EC85C77002DB4F7 /* AEXML.framework */,
				720E46B91EC36478000D4464 /* Carbon.framework */,
				720E46B71EC36471000D4464 /* Cocoa.framework */,
			);
			name = Frameworks;
			sourceTree = "<group>";
		};
		72EF1F411EC85D25002DB4F7 /* Views */ = {
			isa = PBXGroup;
			children = (
				720E46BD1EC83D6B000D4464 /* ReceiverView.swift */,
			);
			name = Views;
			sourceTree = "<group>";
		};
		72EF1F421EC85FEF002DB4F7 /* Coordinators */ = {
			isa = PBXGroup;
			children = (
				72EF1F431EC85FFE002DB4F7 /* DragAndDropCoordinator.swift */,
			);
			name = Coordinators;
			sourceTree = "<group>";
		};
		72EF1F4A1EC86809002DB4F7 /* Parsers */ = {
			isa = PBXGroup;
			children = (
				72EF1F481EC866D0002DB4F7 /* Parser.swift */,
			);
			name = Parsers;
			sourceTree = "<group>";
		};
		72EF1F4B1EC86A15002DB4F7 /* TestFiles */ = {
			isa = PBXGroup;
			children = (
				72EF1F4C1EC86A33002DB4F7 /* Cell.xib */,
				72EF1F4E1EC86A6D002DB4F7 /* View.xib */,
				72EF1F501EC86A94002DB4F7 /* Segmented.xib */,
				72EF1F521EC86AC7002DB4F7 /* AllInOne.xib */,
			);
			name = TestFiles;
			sourceTree = "<group>";
		};
/* End PBXGroup section */

/* Begin PBXNativeTarget section */
		720E46A11EC0C7AB000D4464 /* Deamon */ = {
			isa = PBXNativeTarget;
			buildConfigurationList = 720E46B11EC0C7AB000D4464 /* Build configuration list for PBXNativeTarget "Deamon" */;
			buildPhases = (
				720E469E1EC0C7AB000D4464 /* Sources */,
				720E469F1EC0C7AB000D4464 /* Frameworks */,
				720E46A01EC0C7AB000D4464 /* Resources */,
				72EF1F471EC86357002DB4F7 /* Embed Frameworks */,
			);
			buildRules = (
			);
			dependencies = (
			);
			name = Deamon;
			productName = Deamon;
			productReference = 720E46A21EC0C7AB000D4464 /* Deamon.app */;
			productType = "com.apple.product-type.application";
		};
/* End PBXNativeTarget section */

/* Begin PBXProject section */
		720E469A1EC0C7AB000D4464 /* Project object */ = {
			isa = PBXProject;
			attributes = {
				LastSwiftUpdateCheck = 0830;
				LastUpgradeCheck = 0830;
				ORGANIZATIONNAME = "Pawel Kowalczuk";
				TargetAttributes = {
					720E46A11EC0C7AB000D4464 = {
						CreatedOnToolsVersion = 8.3.2;
						DevelopmentTeam = EUR9M2AGH3;
						ProvisioningStyle = Automatic;
					};
				};
			};
			buildConfigurationList = 720E469D1EC0C7AB000D4464 /* Build configuration list for PBXProject "Deamon" */;
			compatibilityVersion = "Xcode 3.2";
			developmentRegion = English;
			hasScannedForEncodings = 0;
			knownRegions = (
				en,
				Base,
			);
			mainGroup = 720E46991EC0C7AB000D4464;
			productRefGroup = 720E46A31EC0C7AB000D4464 /* Products */;
			projectDirPath = "";
			projectRoot = "";
			targets = (
				720E46A11EC0C7AB000D4464 /* Deamon */,
			);
		};
/* End PBXProject section */

/* Begin PBXResourcesBuildPhase section */
		720E46A01EC0C7AB000D4464 /* Resources */ = {
			isa = PBXResourcesBuildPhase;
			buildActionMask = 2147483647;
			files = (
				720E46AA1EC0C7AB000D4464 /* Assets.xcassets in Resources */,
				720E46AD1EC0C7AB000D4464 /* Main.storyboard in Resources */,
			);
			runOnlyForDeploymentPostprocessing = 0;
		};
/* End PBXResourcesBuildPhase section */

/* Begin PBXSourcesBuildPhase section */
		720E469E1EC0C7AB000D4464 /* Sources */ = {
			isa = PBXSourcesBuildPhase;
			buildActionMask = 2147483647;
			files = (
				720E46A81EC0C7AB000D4464 /* ViewController.swift in Sources */,
				72EF1F441EC85FFE002DB4F7 /* DragAndDropCoordinator.swift in Sources */,
				72EF1F491EC866D0002DB4F7 /* Parser.swift in Sources */,
				720E46BE1EC83D6B000D4464 /* ReceiverView.swift in Sources */,
				720E46A61EC0C7AB000D4464 /* AppDelegate.swift in Sources */,
			);
			runOnlyForDeploymentPostprocessing = 0;
		};
/* End PBXSourcesBuildPhase section */

/* Begin PBXVariantGroup section */
		720E46AB1EC0C7AB000D4464 /* Main.storyboard */ = {
			isa = PBXVariantGroup;
			children = (
				720E46AC1EC0C7AB000D4464 /* Base */,
			);
			name = Main.storyboard;
			sourceTree = "<group>";
		};
/* End PBXVariantGroup section */

/* Begin XCBuildConfiguration section */
		720E46AF1EC0C7AB000D4464 /* Debug */ = {
			isa = XCBuildConfiguration;
			buildSettings = {
				ALWAYS_SEARCH_USER_PATHS = NO;
				CLANG_ANALYZER_NONNULL = YES;
				CLANG_ANALYZER_NUMBER_OBJECT_CONVERSION = YES_AGGRESSIVE;
				CLANG_CXX_LANGUAGE_STANDARD = "gnu++0x";
				CLANG_CXX_LIBRARY = "libc++";
				CLANG_ENABLE_MODULES = YES;
				CLANG_ENABLE_OBJC_ARC = YES;
				CLANG_WARN_BOOL_CONVERSION = YES;
				CLANG_WARN_CONSTANT_CONVERSION = YES;
				CLANG_WARN_DIRECT_OBJC_ISA_USAGE = YES_ERROR;
				CLANG_WARN_DOCUMENTATION_COMMENTS = YES;
				CLANG_WARN_EMPTY_BODY = YES;
				CLANG_WARN_ENUM_CONVERSION = YES;
				CLANG_WARN_INFINITE_RECURSION = YES;
				CLANG_WARN_INT_CONVERSION = YES;
				CLANG_WARN_OBJC_ROOT_CLASS = YES_ERROR;
				CLANG_WARN_SUSPICIOUS_MOVE = YES;
				CLANG_WARN_UNREACHABLE_CODE = YES;
				CLANG_WARN__DUPLICATE_METHOD_MATCH = YES;
				CODE_SIGN_IDENTITY = "-";
				COPY_PHASE_STRIP = NO;
				DEBUG_INFORMATION_FORMAT = dwarf;
				ENABLE_STRICT_OBJC_MSGSEND = YES;
				ENABLE_TESTABILITY = YES;
				GCC_C_LANGUAGE_STANDARD = gnu99;
				GCC_DYNAMIC_NO_PIC = NO;
				GCC_NO_COMMON_BLOCKS = YES;
				GCC_OPTIMIZATION_LEVEL = 0;
				GCC_PREPROCESSOR_DEFINITIONS = (
					"DEBUG=1",
					"$(inherited)",
				);
				GCC_WARN_64_TO_32_BIT_CONVERSION = YES;
				GCC_WARN_ABOUT_RETURN_TYPE = YES_ERROR;
				GCC_WARN_UNDECLARED_SELECTOR = YES;
				GCC_WARN_UNINITIALIZED_AUTOS = YES_AGGRESSIVE;
				GCC_WARN_UNUSED_FUNCTION = YES;
				GCC_WARN_UNUSED_VARIABLE = YES;
				MACOSX_DEPLOYMENT_TARGET = 10.12;
				MTL_ENABLE_DEBUG_INFO = YES;
				ONLY_ACTIVE_ARCH = YES;
				SDKROOT = macosx;
				SWIFT_ACTIVE_COMPILATION_CONDITIONS = DEBUG;
				SWIFT_OPTIMIZATION_LEVEL = "-Onone";
			};
			name = Debug;
		};
		720E46B01EC0C7AB000D4464 /* Release */ = {
			isa = XCBuildConfiguration;
			buildSettings = {
				ALWAYS_SEARCH_USER_PATHS = NO;
				CLANG_ANALYZER_NONNULL = YES;
				CLANG_ANALYZER_NUMBER_OBJECT_CONVERSION = YES_AGGRESSIVE;
				CLANG_CXX_LANGUAGE_STANDARD = "gnu++0x";
				CLANG_CXX_LIBRARY = "libc++";
				CLANG_ENABLE_MODULES = YES;
				CLANG_ENABLE_OBJC_ARC = YES;
				CLANG_WARN_BOOL_CONVERSION = YES;
				CLANG_WARN_CONSTANT_CONVERSION = YES;
				CLANG_WARN_DIRECT_OBJC_ISA_USAGE = YES_ERROR;
				CLANG_WARN_DOCUMENTATION_COMMENTS = YES;
				CLANG_WARN_EMPTY_BODY = YES;
				CLANG_WARN_ENUM_CONVERSION = YES;
				CLANG_WARN_INFINITE_RECURSION = YES;
				CLANG_WARN_INT_CONVERSION = YES;
				CLANG_WARN_OBJC_ROOT_CLASS = YES_ERROR;
				CLANG_WARN_SUSPICIOUS_MOVE = YES;
				CLANG_WARN_UNREACHABLE_CODE = YES;
				CLANG_WARN__DUPLICATE_METHOD_MATCH = YES;
				CODE_SIGN_IDENTITY = "-";
				COPY_PHASE_STRIP = NO;
				DEBUG_INFORMATION_FORMAT = "dwarf-with-dsym";
				ENABLE_NS_ASSERTIONS = NO;
				ENABLE_STRICT_OBJC_MSGSEND = YES;
				GCC_C_LANGUAGE_STANDARD = gnu99;
				GCC_NO_COMMON_BLOCKS = YES;
				GCC_WARN_64_TO_32_BIT_CONVERSION = YES;
				GCC_WARN_ABOUT_RETURN_TYPE = YES_ERROR;
				GCC_WARN_UNDECLARED_SELECTOR = YES;
				GCC_WARN_UNINITIALIZED_AUTOS = YES_AGGRESSIVE;
				GCC_WARN_UNUSED_FUNCTION = YES;
				GCC_WARN_UNUSED_VARIABLE = YES;
				MACOSX_DEPLOYMENT_TARGET = 10.12;
				MTL_ENABLE_DEBUG_INFO = NO;
				SDKROOT = macosx;
				SWIFT_OPTIMIZATION_LEVEL = "-Owholemodule";
			};
			name = Release;
		};
		720E46B21EC0C7AB000D4464 /* Debug */ = {
			isa = XCBuildConfiguration;
			buildSettings = {
				ASSETCATALOG_COMPILER_APPICON_NAME = AppIcon;
				COMBINE_HIDPI_IMAGES = YES;
				DEVELOPMENT_TEAM = EUR9M2AGH3;
				FRAMEWORK_SEARCH_PATHS = (
					"$(inherited)",
					"$(PROJECT_DIR)/Carthage/Build/Mac",
				);
				INFOPLIST_FILE = Deamon/Info.plist;
				LD_RUNPATH_SEARCH_PATHS = "$(inherited) @executable_path/../Frameworks";
				PRODUCT_BUNDLE_IDENTIFIER = appdev4everyone.Deamon;
				PRODUCT_NAME = "$(TARGET_NAME)";
				SWIFT_VERSION = 3.0;
			};
			name = Debug;
		};
		720E46B31EC0C7AB000D4464 /* Release */ = {
			isa = XCBuildConfiguration;
			buildSettings = {
				ASSETCATALOG_COMPILER_APPICON_NAME = AppIcon;
				COMBINE_HIDPI_IMAGES = YES;
				DEVELOPMENT_TEAM = EUR9M2AGH3;
				FRAMEWORK_SEARCH_PATHS = (
					"$(inherited)",
					"$(PROJECT_DIR)/Carthage/Build/Mac",
				);
				INFOPLIST_FILE = Deamon/Info.plist;
				LD_RUNPATH_SEARCH_PATHS = "$(inherited) @executable_path/../Frameworks";
				PRODUCT_BUNDLE_IDENTIFIER = appdev4everyone.Deamon;
				PRODUCT_NAME = "$(TARGET_NAME)";
				SWIFT_VERSION = 3.0;
			};
			name = Release;
		};
/* End XCBuildConfiguration section */

/* Begin XCConfigurationList section */
		720E469D1EC0C7AB000D4464 /* Build configuration list for PBXProject "Deamon" */ = {
			isa = XCConfigurationList;
			buildConfigurations = (
				720E46AF1EC0C7AB000D4464 /* Debug */,
				720E46B01EC0C7AB000D4464 /* Release */,
			);
			defaultConfigurationIsVisible = 0;
			defaultConfigurationName = Release;
		};
		720E46B11EC0C7AB000D4464 /* Build configuration list for PBXNativeTarget "Deamon" */ = {
			isa = XCConfigurationList;
			buildConfigurations = (
				720E46B21EC0C7AB000D4464 /* Debug */,
				720E46B31EC0C7AB000D4464 /* Release */,
			);
			defaultConfigurationIsVisible = 0;
			defaultConfigurationName = Release;
		};
/* End XCConfigurationList section */
	};
	rootObject = 720E469A1EC0C7AB000D4464 /* Project object */;
}
